
Microsoft Visual Studio Solution File, Format Version 12.00
# Visual Studio Version 16
VisualStudioVersion = 16.0.29519.181
MinimumVisualStudioVersion = 10.0.40219.1
Project("{FAE04EC0-301F-11D3-BF4B-00C04F79EFBC}") = "Asg1", "Asg1\Asg1.csproj", "{C7E791B2-F398-4F8A-8304-FED3EDDCD87A}"
EndProject
Global
	GlobalSection(SolutionConfigurationPlatforms) = preSolution
		Debug|Any CPU = Debug|Any CPU
		Release|Any CPU = Release|Any CPU
	EndGlobalSection
	GlobalSection(ProjectConfigurationPlatforms) = postSolution
		{C7E791B2-F398-4F8A-8304-FED3EDDCD87A}.Debug|Any CPU.ActiveCfg = Debug|Any CPU
		{C7E791B2-F398-4F8A-8304-FED3EDDCD87A}.Debug|Any CPU.Build.0 = Debug|Any CPU
		{C7E791B2-F398-4F8A-8304-FED3EDDCD87A}.Release|Any CPU.ActiveCfg = Release|Any CPU
		{C7E791B2-F398-4F8A-8304-FED3EDDCD87A}.Release|Any CPU.Build.0 = Release|Any CPU
	EndGlobalSection
	GlobalSection(SolutionProperties) = preSolution
		HideSolutionNode = FALSE
	EndGlobalSection
	GlobalSection(ExtensibilityGlobals) = postSolution
		SolutionGuid = {7C3E61D9-5A03-402D-BE8A-D2C27E58581C}
	EndGlobalSection
EndGlobal
